
Microsoft Visual Studio Solution File, Format Version 12.00
# Visual Studio 15
VisualStudioVersion = 15.0.28010.2019
MinimumVisualStudioVersion = 10.0.40219.1
Project("{FAE04EC0-301F-11D3-BF4B-00C04F79EFBC}") = "WorkdataEditor", "WorkDataEditor\WorkdataEditor.csproj", "{A5F7A5E3-1A7A-4EBA-8B91-0DFEE5E868A9}"
EndProject
Project("{FAE04EC0-301F-11D3-BF4B-00C04F79EFBC}") = "WorkdataEditor.Demo", "WorkDataEditor.Demo\WorkdataEditor.Demo.csproj", "{D205C3FD-F18D-4CAF-BBA4-2B90C834868A}"
EndProject
Global
	GlobalSection(SolutionConfigurationPlatforms) = preSolution
		Debug|Any CPU = Debug|Any CPU
		Release|Any CPU = Release|Any CPU
	EndGlobalSection
	GlobalSection(ProjectConfigurationPlatforms) = postSolution
		{A5F7A5E3-1A7A-4EBA-8B91-0DFEE5E868A9}.Debug|Any CPU.ActiveCfg = Debug|Any CPU
		{A5F7A5E3-1A7A-4EBA-8B91-0DFEE5E868A9}.Debug|Any CPU.Build.0 = Debug|Any CPU
		{A5F7A5E3-1A7A-4EBA-8B91-0DFEE5E868A9}.Release|Any CPU.ActiveCfg = Release|Any CPU
		{A5F7A5E3-1A7A-4EBA-8B91-0DFEE5E868A9}.Release|Any CPU.Build.0 = Release|Any CPU
		{D205C3FD-F18D-4CAF-BBA4-2B90C834868A}.Debug|Any CPU.ActiveCfg = Debug|Any CPU
		{D205C3FD-F18D-4CAF-BBA4-2B90C834868A}.Debug|Any CPU.Build.0 = Debug|Any CPU
		{D205C3FD-F18D-4CAF-BBA4-2B90C834868A}.Release|Any CPU.ActiveCfg = Release|Any CPU
		{D205C3FD-F18D-4CAF-BBA4-2B90C834868A}.Release|Any CPU.Build.0 = Release|Any CPU
	EndGlobalSection
	GlobalSection(SolutionProperties) = preSolution
		HideSolutionNode = FALSE
	EndGlobalSection
	GlobalSection(ExtensibilityGlobals) = postSolution
		SolutionGuid = {2080CD8C-C90B-4FFD-B46C-E1BBA77DB8AA}
	EndGlobalSection
EndGlobal
